
Microsoft Visual Studio Solution File, Format Version 12.00
# Visual Studio Version 16
VisualStudioVersion = 16.0.29215.179
MinimumVisualStudioVersion = 10.0.40219.1
Project("{FAE04EC0-301F-11D3-BF4B-00C04F79EFBC}") = "LightsOut", "LightsOut\LightsOut.csproj", "{68019757-ABB4-4C3D-85EA-97DC6549603E}"
EndProject
Global
	GlobalSection(SolutionConfigurationPlatforms) = preSolution
		Debug|Any CPU = Debug|Any CPU
		Release|Any CPU = Release|Any CPU
	EndGlobalSection
	GlobalSection(ProjectConfigurationPlatforms) = postSolution
		{68019757-ABB4-4C3D-85EA-97DC6549603E}.Debug|Any CPU.ActiveCfg = Debug|Any CPU
		{68019757-ABB4-4C3D-85EA-97DC6549603E}.Debug|Any CPU.Build.0 = Debug|Any CPU
		{68019757-ABB4-4C3D-85EA-97DC6549603E}.Release|Any CPU.ActiveCfg = Release|Any CPU
		{68019757-ABB4-4C3D-85EA-97DC6549603E}.Release|Any CPU.Build.0 = Release|Any CPU
	EndGlobalSection
	GlobalSection(SolutionProperties) = preSolution
		HideSolutionNode = FALSE
	EndGlobalSection
	GlobalSection(ExtensibilityGlobals) = postSolution
		SolutionGuid = {80C817FC-13E1-4F25-8A4F-71BF6D4BB7C4}
	EndGlobalSection
EndGlobal
